
Microsoft Visual Studio Solution File, Format Version 12.00
# Visual Studio Version 17
VisualStudioVersion = 17.11.35219.272
MinimumVisualStudioVersion = 10.0.40219.1
Project("{2150E333-8FDC-42A3-9474-1A3956D46DE8}") = "Solution Items", "Solution Items", "{7C052884-83F1-41F2-B1BD-2F9D9E2D9E0F}"
	ProjectSection(SolutionItems) = preProject
		.gitignore = .gitignore
		LICENSE = LICENSE
		README.md = README.md
	EndProjectSection
EndProject
Project("{2150E333-8FDC-42A3-9474-1A3956D46DE8}") = "1.Deployables", "1.Deployables", "{AAB51A5B-C632-4CEA-9F55-B16DD46A710A}"
EndProject
Project("{2150E333-8FDC-42A3-9474-1A3956D46DE8}") = "1.1 Console", "1.1 Console", "{A58F3F18-DFA6-4299-BC35-00F215E15297}"
EndProject
Project("{2150E333-8FDC-42A3-9474-1A3956D46DE8}") = "2.Interface", "2.Interface", "{4DC75BF4-4342-4BE0-9346-1F589A943372}"
EndProject
Project("{2150E333-8FDC-42A3-9474-1A3956D46DE8}") = "3.Business", "3.Business", "{2907A624-9C57-4A8A-87F0-DAE626E45988}"
EndProject
Project("{2150E333-8FDC-42A3-9474-1A3956D46DE8}") = "4.Data", "4.Data", "{B7F57A95-7449-4DA9-AD30-0EB7E8B52641}"
EndProject
Project("{2150E333-8FDC-42A3-9474-1A3956D46DE8}") = "5.Cross-cutting", "5.Cross-cutting", "{8E80AFC3-8D27-478D-BC06-0F004265FC0A}"
EndProject
Project("{2150E333-8FDC-42A3-9474-1A3956D46DE8}") = "6.Tests", "6.Tests", "{6CFA8171-D25C-4F6B-A9A8-494011E7107E}"
EndProject
Project("{2150E333-8FDC-42A3-9474-1A3956D46DE8}") = "4.1 Files", "4.1 Files", "{79DCA25B-1BAF-4C1C-9BA6-0EDA64FD57CC}"
EndProject
Project("{9A19103F-16F7-4668-BE54-9A1E7A4F7556}") = "pg-data-files", "pg-data-files\pg-data-files.csproj", "{980335F4-1EE6-475C-9681-D504FCD5CA84}"
EndProject
Project("{9A19103F-16F7-4668-BE54-9A1E7A4F7556}") = "pg-logic", "pg-logic\pg-logic.csproj", "{520B297E-7A6E-46EA-ABA8-CB9509AA6A34}"
EndProject
Project("{9A19103F-16F7-4668-BE54-9A1E7A4F7556}") = "pg-interface-cmd", "pg-interface-cmd\pg-interface-cmd.csproj", "{9940A347-6572-4791-B3E3-442F5AB8C25A}"
EndProject
Project("{9A19103F-16F7-4668-BE54-9A1E7A4F7556}") = "pg-tests", "pg-tests\pg-tests.csproj", "{4D0EA433-4CB0-40A6-9350-ED2B310E7CD6}"
EndProject
Project("{9A19103F-16F7-4668-BE54-9A1E7A4F7556}") = "pg-shared", "pg-shared\pg-shared.csproj", "{3F0B6D01-98D8-420F-88EE-A95000B65988}"
EndProject
Project("{9A19103F-16F7-4668-BE54-9A1E7A4F7556}") = "pg-console-genpwd", "pg-console-genpwd\pg-console-genpwd.csproj", "{26940214-8141-40A4-B00F-13CC692EA398}"
EndProject
Project("{2150E333-8FDC-42A3-9474-1A3956D46DE8}") = "2.2 Web sites", "2.2 Web sites", "{000B3C19-E417-4B01-97C9-BE52EE9500BF}"
EndProject
Project("{9A19103F-16F7-4668-BE54-9A1E7A4F7556}") = "pg-wasm-pwdgen-demo", "pg-wasm-pwdgen-demo\pg-wasm-pwdgen-demo.csproj", "{CCA3AAA1-6C93-417D-932D-1850213ECE1D}"
EndProject
Project("{2150E333-8FDC-42A3-9474-1A3956D46DE8}") = "2.1 Prompt", "2.1 Prompt", "{408ABCFB-B51B-45F2-9DAB-883EFE832793}"
EndProject
Global
	GlobalSection(SolutionConfigurationPlatforms) = preSolution
		Debug|Any CPU = Debug|Any CPU
		Release|Any CPU = Release|Any CPU
	EndGlobalSection
	GlobalSection(ProjectConfigurationPlatforms) = postSolution
		{980335F4-1EE6-475C-9681-D504FCD5CA84}.Debug|Any CPU.ActiveCfg = Debug|Any CPU
		{980335F4-1EE6-475C-9681-D504FCD5CA84}.Debug|Any CPU.Build.0 = Debug|Any CPU
		{980335F4-1EE6-475C-9681-D504FCD5CA84}.Release|Any CPU.ActiveCfg = Release|Any CPU
		{980335F4-1EE6-475C-9681-D504FCD5CA84}.Release|Any CPU.Build.0 = Release|Any CPU
		{520B297E-7A6E-46EA-ABA8-CB9509AA6A34}.Debug|Any CPU.ActiveCfg = Debug|Any CPU
		{520B297E-7A6E-46EA-ABA8-CB9509AA6A34}.Debug|Any CPU.Build.0 = Debug|Any CPU
		{520B297E-7A6E-46EA-ABA8-CB9509AA6A34}.Release|Any CPU.ActiveCfg = Release|Any CPU
		{520B297E-7A6E-46EA-ABA8-CB9509AA6A34}.Release|Any CPU.Build.0 = Release|Any CPU
		{9940A347-6572-4791-B3E3-442F5AB8C25A}.Debug|Any CPU.ActiveCfg = Debug|Any CPU
		{9940A347-6572-4791-B3E3-442F5AB8C25A}.Debug|Any CPU.Build.0 = Debug|Any CPU
		{9940A347-6572-4791-B3E3-442F5AB8C25A}.Release|Any CPU.ActiveCfg = Release|Any CPU
		{9940A347-6572-4791-B3E3-442F5AB8C25A}.Release|Any CPU.Build.0 = Release|Any CPU
		{4D0EA433-4CB0-40A6-9350-ED2B310E7CD6}.Debug|Any CPU.ActiveCfg = Debug|Any CPU
		{4D0EA433-4CB0-40A6-9350-ED2B310E7CD6}.Debug|Any CPU.Build.0 = Debug|Any CPU
		{4D0EA433-4CB0-40A6-9350-ED2B310E7CD6}.Release|Any CPU.ActiveCfg = Release|Any CPU
		{4D0EA433-4CB0-40A6-9350-ED2B310E7CD6}.Release|Any CPU.Build.0 = Release|Any CPU
		{3F0B6D01-98D8-420F-88EE-A95000B65988}.Debug|Any CPU.ActiveCfg = Debug|Any CPU
		{3F0B6D01-98D8-420F-88EE-A95000B65988}.Debug|Any CPU.Build.0 = Debug|Any CPU
		{3F0B6D01-98D8-420F-88EE-A95000B65988}.Release|Any CPU.ActiveCfg = Release|Any CPU
		{3F0B6D01-98D8-420F-88EE-A95000B65988}.Release|Any CPU.Build.0 = Release|Any CPU
		{26940214-8141-40A4-B00F-13CC692EA398}.Debug|Any CPU.ActiveCfg = Debug|Any CPU
		{26940214-8141-40A4-B00F-13CC692EA398}.Debug|Any CPU.Build.0 = Debug|Any CPU
		{26940214-8141-40A4-B00F-13CC692EA398}.Release|Any CPU.ActiveCfg = Release|Any CPU
		{26940214-8141-40A4-B00F-13CC692EA398}.Release|Any CPU.Build.0 = Release|Any CPU
		{CCA3AAA1-6C93-417D-932D-1850213ECE1D}.Debug|Any CPU.ActiveCfg = Debug|Any CPU
		{CCA3AAA1-6C93-417D-932D-1850213ECE1D}.Debug|Any CPU.Build.0 = Debug|Any CPU
		{CCA3AAA1-6C93-417D-932D-1850213ECE1D}.Release|Any CPU.ActiveCfg = Release|Any CPU
		{CCA3AAA1-6C93-417D-932D-1850213ECE1D}.Release|Any CPU.Build.0 = Release|Any CPU
	EndGlobalSection
	GlobalSection(SolutionProperties) = preSolution
		HideSolutionNode = FALSE
	EndGlobalSection
	GlobalSection(NestedProjects) = preSolution
		{A58F3F18-DFA6-4299-BC35-00F215E15297} = {AAB51A5B-C632-4CEA-9F55-B16DD46A710A}
		{79DCA25B-1BAF-4C1C-9BA6-0EDA64FD57CC} = {B7F57A95-7449-4DA9-AD30-0EB7E8B52641}
		{980335F4-1EE6-475C-9681-D504FCD5CA84} = {79DCA25B-1BAF-4C1C-9BA6-0EDA64FD57CC}
		{520B297E-7A6E-46EA-ABA8-CB9509AA6A34} = {2907A624-9C57-4A8A-87F0-DAE626E45988}
		{9940A347-6572-4791-B3E3-442F5AB8C25A} = {408ABCFB-B51B-45F2-9DAB-883EFE832793}
		{4D0EA433-4CB0-40A6-9350-ED2B310E7CD6} = {6CFA8171-D25C-4F6B-A9A8-494011E7107E}
		{3F0B6D01-98D8-420F-88EE-A95000B65988} = {8E80AFC3-8D27-478D-BC06-0F004265FC0A}
		{26940214-8141-40A4-B00F-13CC692EA398} = {A58F3F18-DFA6-4299-BC35-00F215E15297}
		{000B3C19-E417-4B01-97C9-BE52EE9500BF} = {4DC75BF4-4342-4BE0-9346-1F589A943372}
		{CCA3AAA1-6C93-417D-932D-1850213ECE1D} = {000B3C19-E417-4B01-97C9-BE52EE9500BF}
		{408ABCFB-B51B-45F2-9DAB-883EFE832793} = {4DC75BF4-4342-4BE0-9346-1F589A943372}
	EndGlobalSection
	GlobalSection(ExtensibilityGlobals) = postSolution
		SolutionGuid = {BF1088FA-4DA7-4028-8BCE-F8723BF27FB1}
	EndGlobalSection
EndGlobal
